
Microsoft Visual Studio Solution File, Format Version 12.00
# Visual Studio Version 17
VisualStudioVersion = 17.9.34728.123
MinimumVisualStudioVersion = 10.0.40219.1
Project("{FAE04EC0-301F-11D3-BF4B-00C04F79EFBC}") = "Lection0306", "Lection0306\Lection0306.csproj", "{30C885CD-3283-450D-95A2-6D95A3A48827}"
EndProject
Global
	GlobalSection(SolutionConfigurationPlatforms) = preSolution
		Debug|Any CPU = Debug|Any CPU
		Release|Any CPU = Release|Any CPU
	EndGlobalSection
	GlobalSection(ProjectConfigurationPlatforms) = postSolution
		{30C885CD-3283-450D-95A2-6D95A3A48827}.Debug|Any CPU.ActiveCfg = Debug|Any CPU
		{30C885CD-3283-450D-95A2-6D95A3A48827}.Debug|Any CPU.Build.0 = Debug|Any CPU
		{30C885CD-3283-450D-95A2-6D95A3A48827}.Release|Any CPU.ActiveCfg = Release|Any CPU
		{30C885CD-3283-450D-95A2-6D95A3A48827}.Release|Any CPU.Build.0 = Release|Any CPU
	EndGlobalSection
	GlobalSection(SolutionProperties) = preSolution
		HideSolutionNode = FALSE
	EndGlobalSection
	GlobalSection(ExtensibilityGlobals) = postSolution
		SolutionGuid = {6E34111F-7DC6-4918-B14B-5EC72D254DB1}
	EndGlobalSection
EndGlobal
