
Microsoft Visual Studio Solution File, Format Version 12.00
# Visual Studio Version 17
VisualStudioVersion = 17.9.34728.123
MinimumVisualStudioVersion = 10.0.40219.1
Project("{9A19103F-16F7-4668-BE54-9A1E7A4F7556}") = "Task1", "Task1\Task1.csproj", "{E3744F46-FE06-46F4-8AF0-E3557F088160}"
EndProject
Project("{9A19103F-16F7-4668-BE54-9A1E7A4F7556}") = "Task2", "Task2_1\Task2.csproj", "{C8EDE9F6-DBD3-47D8-9B01-2516A8925141}"
EndProject
Global
	GlobalSection(SolutionConfigurationPlatforms) = preSolution
		Debug|Any CPU = Debug|Any CPU
		Release|Any CPU = Release|Any CPU
	EndGlobalSection
	GlobalSection(ProjectConfigurationPlatforms) = postSolution
		{E3744F46-FE06-46F4-8AF0-E3557F088160}.Debug|Any CPU.ActiveCfg = Debug|Any CPU
		{E3744F46-FE06-46F4-8AF0-E3557F088160}.Debug|Any CPU.Build.0 = Debug|Any CPU
		{E3744F46-FE06-46F4-8AF0-E3557F088160}.Release|Any CPU.ActiveCfg = Release|Any CPU
		{E3744F46-FE06-46F4-8AF0-E3557F088160}.Release|Any CPU.Build.0 = Release|Any CPU
		{C8EDE9F6-DBD3-47D8-9B01-2516A8925141}.Debug|Any CPU.ActiveCfg = Debug|Any CPU
		{C8EDE9F6-DBD3-47D8-9B01-2516A8925141}.Debug|Any CPU.Build.0 = Debug|Any CPU
		{C8EDE9F6-DBD3-47D8-9B01-2516A8925141}.Release|Any CPU.ActiveCfg = Release|Any CPU
		{C8EDE9F6-DBD3-47D8-9B01-2516A8925141}.Release|Any CPU.Build.0 = Release|Any CPU
	EndGlobalSection
	GlobalSection(SolutionProperties) = preSolution
		HideSolutionNode = FALSE
	EndGlobalSection
	GlobalSection(ExtensibilityGlobals) = postSolution
		SolutionGuid = {1628C1C9-5337-409E-8805-1B30763012AA}
	EndGlobalSection
EndGlobal
