
Microsoft Visual Studio Solution File, Format Version 12.00
# Visual Studio Version 17
VisualStudioVersion = 17.11.35312.102
MinimumVisualStudioVersion = 10.0.40219.1
Project("{FAE04EC0-301F-11D3-BF4B-00C04F79EFBC}") = "Task1", "Task1\Task1.csproj", "{754F0B10-ECE7-4B6D-B72F-73CDC8702714}"
EndProject
Project("{FAE04EC0-301F-11D3-BF4B-00C04F79EFBC}") = "Task2", "Task2\Task2.csproj", "{0ACE54B9-C067-4D3D-9A5F-59FF56894FE1}"
EndProject
Global
	GlobalSection(SolutionConfigurationPlatforms) = preSolution
		Debug|Any CPU = Debug|Any CPU
		Release|Any CPU = Release|Any CPU
	EndGlobalSection
	GlobalSection(ProjectConfigurationPlatforms) = postSolution
		{754F0B10-ECE7-4B6D-B72F-73CDC8702714}.Debug|Any CPU.ActiveCfg = Debug|Any CPU
		{754F0B10-ECE7-4B6D-B72F-73CDC8702714}.Debug|Any CPU.Build.0 = Debug|Any CPU
		{754F0B10-ECE7-4B6D-B72F-73CDC8702714}.Release|Any CPU.ActiveCfg = Release|Any CPU
		{754F0B10-ECE7-4B6D-B72F-73CDC8702714}.Release|Any CPU.Build.0 = Release|Any CPU
		{0ACE54B9-C067-4D3D-9A5F-59FF56894FE1}.Debug|Any CPU.ActiveCfg = Debug|Any CPU
		{0ACE54B9-C067-4D3D-9A5F-59FF56894FE1}.Debug|Any CPU.Build.0 = Debug|Any CPU
		{0ACE54B9-C067-4D3D-9A5F-59FF56894FE1}.Release|Any CPU.ActiveCfg = Release|Any CPU
		{0ACE54B9-C067-4D3D-9A5F-59FF56894FE1}.Release|Any CPU.Build.0 = Release|Any CPU
	EndGlobalSection
	GlobalSection(SolutionProperties) = preSolution
		HideSolutionNode = FALSE
	EndGlobalSection
	GlobalSection(ExtensibilityGlobals) = postSolution
		SolutionGuid = {E7D33CBA-ADB7-416E-937B-350859B87390}
	EndGlobalSection
EndGlobal
