
Microsoft Visual Studio Solution File, Format Version 12.00
# Visual Studio Version 17
VisualStudioVersion = 17.8.34309.116
MinimumVisualStudioVersion = 10.0.40219.1
Project("{FAE04EC0-301F-11D3-BF4B-00C04F79EFBC}") = "ConsoleApp1", "ConsoleApp1\ConsoleApp1.csproj", "{972E9870-8EB4-40C0-AB56-A6214976897C}"
EndProject
Global
	GlobalSection(SolutionConfigurationPlatforms) = preSolution
		Debug|Any CPU = Debug|Any CPU
		Release|Any CPU = Release|Any CPU
	EndGlobalSection
	GlobalSection(ProjectConfigurationPlatforms) = postSolution
		{972E9870-8EB4-40C0-AB56-A6214976897C}.Debug|Any CPU.ActiveCfg = Debug|Any CPU
		{972E9870-8EB4-40C0-AB56-A6214976897C}.Debug|Any CPU.Build.0 = Debug|Any CPU
		{972E9870-8EB4-40C0-AB56-A6214976897C}.Release|Any CPU.ActiveCfg = Release|Any CPU
		{972E9870-8EB4-40C0-AB56-A6214976897C}.Release|Any CPU.Build.0 = Release|Any CPU
	EndGlobalSection
	GlobalSection(SolutionProperties) = preSolution
		HideSolutionNode = FALSE
	EndGlobalSection
	GlobalSection(ExtensibilityGlobals) = postSolution
		SolutionGuid = {8218BBF2-BDB0-4199-995B-B1E10878436C}
	EndGlobalSection
EndGlobal
