
Microsoft Visual Studio Solution File, Format Version 12.00
# Visual Studio Version 17
VisualStudioVersion = 17.9.34728.123
MinimumVisualStudioVersion = 10.0.40219.1
Project("{FAE04EC0-301F-11D3-BF4B-00C04F79EFBC}") = "Task1", "Task1\Task1.csproj", "{638BDF55-2494-4B00-96B9-2B76089EABB5}"
EndProject
Project("{FAE04EC0-301F-11D3-BF4B-00C04F79EFBC}") = "Task2", "Task2\Task2.csproj", "{41AB9A98-8A57-4E4B-AACC-727CB76A9166}"
EndProject
Project("{FAE04EC0-301F-11D3-BF4B-00C04F79EFBC}") = "Task3", "Task3\Task3.csproj", "{727FBD43-A403-4058-A8D7-4FA44D0AD732}"
EndProject
Project("{FAE04EC0-301F-11D3-BF4B-00C04F79EFBC}") = "Task4", "Task4\Task4.csproj", "{CE822453-40EA-40B7-A41C-23359346F67C}"
EndProject
Project("{FAE04EC0-301F-11D3-BF4B-00C04F79EFBC}") = "Task5", "Task5\Task5.csproj", "{F55480FB-2361-4582-970D-AB8B28673B74}"
EndProject
Global
	GlobalSection(SolutionConfigurationPlatforms) = preSolution
		Debug|Any CPU = Debug|Any CPU
		Release|Any CPU = Release|Any CPU
	EndGlobalSection
	GlobalSection(ProjectConfigurationPlatforms) = postSolution
		{638BDF55-2494-4B00-96B9-2B76089EABB5}.Debug|Any CPU.ActiveCfg = Debug|Any CPU
		{638BDF55-2494-4B00-96B9-2B76089EABB5}.Debug|Any CPU.Build.0 = Debug|Any CPU
		{638BDF55-2494-4B00-96B9-2B76089EABB5}.Release|Any CPU.ActiveCfg = Release|Any CPU
		{638BDF55-2494-4B00-96B9-2B76089EABB5}.Release|Any CPU.Build.0 = Release|Any CPU
		{41AB9A98-8A57-4E4B-AACC-727CB76A9166}.Debug|Any CPU.ActiveCfg = Debug|Any CPU
		{41AB9A98-8A57-4E4B-AACC-727CB76A9166}.Debug|Any CPU.Build.0 = Debug|Any CPU
		{41AB9A98-8A57-4E4B-AACC-727CB76A9166}.Release|Any CPU.ActiveCfg = Release|Any CPU
		{41AB9A98-8A57-4E4B-AACC-727CB76A9166}.Release|Any CPU.Build.0 = Release|Any CPU
		{727FBD43-A403-4058-A8D7-4FA44D0AD732}.Debug|Any CPU.ActiveCfg = Debug|Any CPU
		{727FBD43-A403-4058-A8D7-4FA44D0AD732}.Debug|Any CPU.Build.0 = Debug|Any CPU
		{727FBD43-A403-4058-A8D7-4FA44D0AD732}.Release|Any CPU.ActiveCfg = Release|Any CPU
		{727FBD43-A403-4058-A8D7-4FA44D0AD732}.Release|Any CPU.Build.0 = Release|Any CPU
		{CE822453-40EA-40B7-A41C-23359346F67C}.Debug|Any CPU.ActiveCfg = Debug|Any CPU
		{CE822453-40EA-40B7-A41C-23359346F67C}.Debug|Any CPU.Build.0 = Debug|Any CPU
		{CE822453-40EA-40B7-A41C-23359346F67C}.Release|Any CPU.ActiveCfg = Release|Any CPU
		{CE822453-40EA-40B7-A41C-23359346F67C}.Release|Any CPU.Build.0 = Release|Any CPU
		{F55480FB-2361-4582-970D-AB8B28673B74}.Debug|Any CPU.ActiveCfg = Debug|Any CPU
		{F55480FB-2361-4582-970D-AB8B28673B74}.Debug|Any CPU.Build.0 = Debug|Any CPU
		{F55480FB-2361-4582-970D-AB8B28673B74}.Release|Any CPU.ActiveCfg = Release|Any CPU
		{F55480FB-2361-4582-970D-AB8B28673B74}.Release|Any CPU.Build.0 = Release|Any CPU
	EndGlobalSection
	GlobalSection(SolutionProperties) = preSolution
		HideSolutionNode = FALSE
	EndGlobalSection
	GlobalSection(ExtensibilityGlobals) = postSolution
		SolutionGuid = {86E004FC-0DED-4D62-A476-9013DE5B6792}
	EndGlobalSection
EndGlobal
