
Microsoft Visual Studio Solution File, Format Version 12.00
# Visual Studio Version 17
VisualStudioVersion = 17.11.35222.181
MinimumVisualStudioVersion = 10.0.40219.1
Project("{FAE04EC0-301F-11D3-BF4B-00C04F79EFBC}") = "LabWork18", "LabWork18\LabWork18.csproj", "{63312812-C572-4555-B2A1-D44DBCBCD8D3}"
EndProject
Project("{9A19103F-16F7-4668-BE54-9A1E7A4F7556}") = "DatabaseLibrary", "..\LabWork17\DatabaseLibrary\DatabaseLibrary.csproj", "{5F14C72A-6282-4227-8529-F7D89A843A98}"
EndProject
Global
	GlobalSection(SolutionConfigurationPlatforms) = preSolution
		Debug|Any CPU = Debug|Any CPU
		Release|Any CPU = Release|Any CPU
	EndGlobalSection
	GlobalSection(ProjectConfigurationPlatforms) = postSolution
		{63312812-C572-4555-B2A1-D44DBCBCD8D3}.Debug|Any CPU.ActiveCfg = Debug|Any CPU
		{63312812-C572-4555-B2A1-D44DBCBCD8D3}.Debug|Any CPU.Build.0 = Debug|Any CPU
		{63312812-C572-4555-B2A1-D44DBCBCD8D3}.Release|Any CPU.ActiveCfg = Release|Any CPU
		{63312812-C572-4555-B2A1-D44DBCBCD8D3}.Release|Any CPU.Build.0 = Release|Any CPU
		{5F14C72A-6282-4227-8529-F7D89A843A98}.Debug|Any CPU.ActiveCfg = Debug|Any CPU
		{5F14C72A-6282-4227-8529-F7D89A843A98}.Debug|Any CPU.Build.0 = Debug|Any CPU
		{5F14C72A-6282-4227-8529-F7D89A843A98}.Release|Any CPU.ActiveCfg = Release|Any CPU
		{5F14C72A-6282-4227-8529-F7D89A843A98}.Release|Any CPU.Build.0 = Release|Any CPU
	EndGlobalSection
	GlobalSection(SolutionProperties) = preSolution
		HideSolutionNode = FALSE
	EndGlobalSection
	GlobalSection(ExtensibilityGlobals) = postSolution
		SolutionGuid = {6CA18203-055B-4771-80D6-4FBFD585B3AB}
	EndGlobalSection
EndGlobal
