
Microsoft Visual Studio Solution File, Format Version 12.00
# Visual Studio Version 17
VisualStudioVersion = 17.12.35506.116 d17.12
MinimumVisualStudioVersion = 10.0.40219.1
Project("{FAE04EC0-301F-11D3-BF4B-00C04F79EFBC}") = "WebApp", "WebApp\WebApp.csproj", "{50A2856D-B0B3-4929-BE75-E7AC6CCEAAF1}"
EndProject
Project("{FAE04EC0-301F-11D3-BF4B-00C04F79EFBC}") = "WpfApp", "WpfApp\WpfApp.csproj", "{A68464F5-56EA-4236-AF68-A511A99B3E2E}"
EndProject
Global
	GlobalSection(SolutionConfigurationPlatforms) = preSolution
		Debug|Any CPU = Debug|Any CPU
		Release|Any CPU = Release|Any CPU
	EndGlobalSection
	GlobalSection(ProjectConfigurationPlatforms) = postSolution
		{50A2856D-B0B3-4929-BE75-E7AC6CCEAAF1}.Debug|Any CPU.ActiveCfg = Debug|Any CPU
		{50A2856D-B0B3-4929-BE75-E7AC6CCEAAF1}.Debug|Any CPU.Build.0 = Debug|Any CPU
		{50A2856D-B0B3-4929-BE75-E7AC6CCEAAF1}.Release|Any CPU.ActiveCfg = Release|Any CPU
		{50A2856D-B0B3-4929-BE75-E7AC6CCEAAF1}.Release|Any CPU.Build.0 = Release|Any CPU
		{A68464F5-56EA-4236-AF68-A511A99B3E2E}.Debug|Any CPU.ActiveCfg = Debug|Any CPU
		{A68464F5-56EA-4236-AF68-A511A99B3E2E}.Debug|Any CPU.Build.0 = Debug|Any CPU
		{A68464F5-56EA-4236-AF68-A511A99B3E2E}.Release|Any CPU.ActiveCfg = Release|Any CPU
		{A68464F5-56EA-4236-AF68-A511A99B3E2E}.Release|Any CPU.Build.0 = Release|Any CPU
	EndGlobalSection
	GlobalSection(SolutionProperties) = preSolution
		HideSolutionNode = FALSE
	EndGlobalSection
EndGlobal
