
Microsoft Visual Studio Solution File, Format Version 12.00
# Visual Studio Version 17
VisualStudioVersion = 17.8.34309.116
MinimumVisualStudioVersion = 10.0.40219.1
Project("{FAE04EC0-301F-11D3-BF4B-00C04F79EFBC}") = "Task1", "Task1\Task1.csproj", "{E351F249-628B-4C82-B56C-68CCAFA24A75}"
EndProject
Global
	GlobalSection(SolutionConfigurationPlatforms) = preSolution
		Debug|Any CPU = Debug|Any CPU
		Release|Any CPU = Release|Any CPU
	EndGlobalSection
	GlobalSection(ProjectConfigurationPlatforms) = postSolution
		{E351F249-628B-4C82-B56C-68CCAFA24A75}.Debug|Any CPU.ActiveCfg = Debug|Any CPU
		{E351F249-628B-4C82-B56C-68CCAFA24A75}.Debug|Any CPU.Build.0 = Debug|Any CPU
		{E351F249-628B-4C82-B56C-68CCAFA24A75}.Release|Any CPU.ActiveCfg = Release|Any CPU
		{E351F249-628B-4C82-B56C-68CCAFA24A75}.Release|Any CPU.Build.0 = Release|Any CPU
	EndGlobalSection
	GlobalSection(SolutionProperties) = preSolution
		HideSolutionNode = FALSE
	EndGlobalSection
	GlobalSection(ExtensibilityGlobals) = postSolution
		SolutionGuid = {1E24DD15-CA56-402B-B935-24C00D06BBAF}
	EndGlobalSection
EndGlobal
