
Microsoft Visual Studio Solution File, Format Version 12.00
# Visual Studio Version 17
VisualStudioVersion = 17.11.35312.102
MinimumVisualStudioVersion = 10.0.40219.1
Project("{FAE04EC0-301F-11D3-BF4B-00C04F79EFBC}") = "ProcessLibrary", "ProcessLibrary\ProcessLibrary.csproj", "{DD25A708-8D4A-4E56-A374-DD6EFADA7451}"
EndProject
Global
	GlobalSection(SolutionConfigurationPlatforms) = preSolution
		Debug|Any CPU = Debug|Any CPU
		Release|Any CPU = Release|Any CPU
	EndGlobalSection
	GlobalSection(ProjectConfigurationPlatforms) = postSolution
		{DD25A708-8D4A-4E56-A374-DD6EFADA7451}.Debug|Any CPU.ActiveCfg = Debug|Any CPU
		{DD25A708-8D4A-4E56-A374-DD6EFADA7451}.Debug|Any CPU.Build.0 = Debug|Any CPU
		{DD25A708-8D4A-4E56-A374-DD6EFADA7451}.Release|Any CPU.ActiveCfg = Release|Any CPU
		{DD25A708-8D4A-4E56-A374-DD6EFADA7451}.Release|Any CPU.Build.0 = Release|Any CPU
	EndGlobalSection
	GlobalSection(SolutionProperties) = preSolution
		HideSolutionNode = FALSE
	EndGlobalSection
	GlobalSection(ExtensibilityGlobals) = postSolution
		SolutionGuid = {CEE43A81-00D2-4F18-8F2F-D41922339A84}
	EndGlobalSection
EndGlobal
