
Microsoft Visual Studio Solution File, Format Version 12.00
# Visual Studio Version 17
VisualStudioVersion = 17.9.34616.47
MinimumVisualStudioVersion = 10.0.40219.1
Project("{FAE04EC0-301F-11D3-BF4B-00C04F79EFBC}") = "LabWork22", "LabWork22\LabWork22.csproj", "{33D45D06-1F25-4539-9423-61A6EF27D92F}"
EndProject
Global
	GlobalSection(SolutionConfigurationPlatforms) = preSolution
		Debug|Any CPU = Debug|Any CPU
		Release|Any CPU = Release|Any CPU
	EndGlobalSection
	GlobalSection(ProjectConfigurationPlatforms) = postSolution
		{33D45D06-1F25-4539-9423-61A6EF27D92F}.Debug|Any CPU.ActiveCfg = Debug|Any CPU
		{33D45D06-1F25-4539-9423-61A6EF27D92F}.Debug|Any CPU.Build.0 = Debug|Any CPU
		{33D45D06-1F25-4539-9423-61A6EF27D92F}.Release|Any CPU.ActiveCfg = Release|Any CPU
		{33D45D06-1F25-4539-9423-61A6EF27D92F}.Release|Any CPU.Build.0 = Release|Any CPU
	EndGlobalSection
	GlobalSection(SolutionProperties) = preSolution
		HideSolutionNode = FALSE
	EndGlobalSection
	GlobalSection(ExtensibilityGlobals) = postSolution
		SolutionGuid = {A308E90A-39F1-4629-9F5F-BDDEFBBDD02C}
	EndGlobalSection
EndGlobal
