
Microsoft Visual Studio Solution File, Format Version 12.00
# Visual Studio Version 17
VisualStudioVersion = 17.8.34309.116
MinimumVisualStudioVersion = 10.0.40219.1
Project("{FAE04EC0-301F-11D3-BF4B-00C04F79EFBC}") = "Task1", "Task1\Task1.csproj", "{20CDC723-8BA7-47B5-BA0D-3C742C3FCA9C}"
EndProject
Global
	GlobalSection(SolutionConfigurationPlatforms) = preSolution
		Debug|Any CPU = Debug|Any CPU
		Release|Any CPU = Release|Any CPU
	EndGlobalSection
	GlobalSection(ProjectConfigurationPlatforms) = postSolution
		{20CDC723-8BA7-47B5-BA0D-3C742C3FCA9C}.Debug|Any CPU.ActiveCfg = Debug|Any CPU
		{20CDC723-8BA7-47B5-BA0D-3C742C3FCA9C}.Debug|Any CPU.Build.0 = Debug|Any CPU
		{20CDC723-8BA7-47B5-BA0D-3C742C3FCA9C}.Release|Any CPU.ActiveCfg = Release|Any CPU
		{20CDC723-8BA7-47B5-BA0D-3C742C3FCA9C}.Release|Any CPU.Build.0 = Release|Any CPU
	EndGlobalSection
	GlobalSection(SolutionProperties) = preSolution
		HideSolutionNode = FALSE
	EndGlobalSection
	GlobalSection(ExtensibilityGlobals) = postSolution
		SolutionGuid = {3CDD66F2-0A4D-4E77-91C1-0A28544588B7}
	EndGlobalSection
EndGlobal
