
Microsoft Visual Studio Solution File, Format Version 12.00
# Visual Studio Version 17
VisualStudioVersion = 17.9.34616.47
MinimumVisualStudioVersion = 10.0.40219.1
Project("{FAE04EC0-301F-11D3-BF4B-00C04F79EFBC}") = "Task1", "Task1\Task1.csproj", "{BAF8C264-70C6-49E4-A346-461D876C87DF}"
EndProject
Global
	GlobalSection(SolutionConfigurationPlatforms) = preSolution
		Debug|Any CPU = Debug|Any CPU
		Release|Any CPU = Release|Any CPU
	EndGlobalSection
	GlobalSection(ProjectConfigurationPlatforms) = postSolution
		{BAF8C264-70C6-49E4-A346-461D876C87DF}.Debug|Any CPU.ActiveCfg = Debug|Any CPU
		{BAF8C264-70C6-49E4-A346-461D876C87DF}.Debug|Any CPU.Build.0 = Debug|Any CPU
		{BAF8C264-70C6-49E4-A346-461D876C87DF}.Release|Any CPU.ActiveCfg = Release|Any CPU
		{BAF8C264-70C6-49E4-A346-461D876C87DF}.Release|Any CPU.Build.0 = Release|Any CPU
	EndGlobalSection
	GlobalSection(SolutionProperties) = preSolution
		HideSolutionNode = FALSE
	EndGlobalSection
	GlobalSection(ExtensibilityGlobals) = postSolution
		SolutionGuid = {2F23701A-E6B7-41E7-958B-E09E81D0B38E}
	EndGlobalSection
EndGlobal
