
Microsoft Visual Studio Solution File, Format Version 12.00
# Visual Studio Version 17
VisualStudioVersion = 17.9.34616.47
MinimumVisualStudioVersion = 10.0.40219.1
Project("{FAE04EC0-301F-11D3-BF4B-00C04F79EFBC}") = "Task1", "Task1\Task1.csproj", "{3AC754DA-1A51-4231-B46F-3C62DF4B34A9}"
EndProject
Project("{FAE04EC0-301F-11D3-BF4B-00C04F79EFBC}") = "Task2", "Task2\Task2.csproj", "{5AA40E66-5674-4CAD-9FEE-A3AE16A254A2}"
EndProject
Project("{FAE04EC0-301F-11D3-BF4B-00C04F79EFBC}") = "Task3", "Task3\Task3.csproj", "{C582E376-824B-4483-B445-39B703FA8B6F}"
EndProject
Project("{FAE04EC0-301F-11D3-BF4B-00C04F79EFBC}") = "Task4", "Task4\Task4.csproj", "{2AE66799-95B5-4637-9B28-6C1A39F139E7}"
EndProject
Global
	GlobalSection(SolutionConfigurationPlatforms) = preSolution
		Debug|Any CPU = Debug|Any CPU
		Release|Any CPU = Release|Any CPU
	EndGlobalSection
	GlobalSection(ProjectConfigurationPlatforms) = postSolution
		{3AC754DA-1A51-4231-B46F-3C62DF4B34A9}.Debug|Any CPU.ActiveCfg = Debug|Any CPU
		{3AC754DA-1A51-4231-B46F-3C62DF4B34A9}.Debug|Any CPU.Build.0 = Debug|Any CPU
		{3AC754DA-1A51-4231-B46F-3C62DF4B34A9}.Release|Any CPU.ActiveCfg = Release|Any CPU
		{3AC754DA-1A51-4231-B46F-3C62DF4B34A9}.Release|Any CPU.Build.0 = Release|Any CPU
		{5AA40E66-5674-4CAD-9FEE-A3AE16A254A2}.Debug|Any CPU.ActiveCfg = Debug|Any CPU
		{5AA40E66-5674-4CAD-9FEE-A3AE16A254A2}.Debug|Any CPU.Build.0 = Debug|Any CPU
		{5AA40E66-5674-4CAD-9FEE-A3AE16A254A2}.Release|Any CPU.ActiveCfg = Release|Any CPU
		{5AA40E66-5674-4CAD-9FEE-A3AE16A254A2}.Release|Any CPU.Build.0 = Release|Any CPU
		{C582E376-824B-4483-B445-39B703FA8B6F}.Debug|Any CPU.ActiveCfg = Debug|Any CPU
		{C582E376-824B-4483-B445-39B703FA8B6F}.Debug|Any CPU.Build.0 = Debug|Any CPU
		{C582E376-824B-4483-B445-39B703FA8B6F}.Release|Any CPU.ActiveCfg = Release|Any CPU
		{C582E376-824B-4483-B445-39B703FA8B6F}.Release|Any CPU.Build.0 = Release|Any CPU
		{2AE66799-95B5-4637-9B28-6C1A39F139E7}.Debug|Any CPU.ActiveCfg = Debug|Any CPU
		{2AE66799-95B5-4637-9B28-6C1A39F139E7}.Debug|Any CPU.Build.0 = Debug|Any CPU
		{2AE66799-95B5-4637-9B28-6C1A39F139E7}.Release|Any CPU.ActiveCfg = Release|Any CPU
		{2AE66799-95B5-4637-9B28-6C1A39F139E7}.Release|Any CPU.Build.0 = Release|Any CPU
	EndGlobalSection
	GlobalSection(SolutionProperties) = preSolution
		HideSolutionNode = FALSE
	EndGlobalSection
	GlobalSection(ExtensibilityGlobals) = postSolution
		SolutionGuid = {BDEB9A1B-52EA-4993-8640-483983812746}
	EndGlobalSection
EndGlobal
