
Microsoft Visual Studio Solution File, Format Version 12.00
# Visual Studio Version 17
VisualStudioVersion = 17.9.34616.47
MinimumVisualStudioVersion = 10.0.40219.1
Project("{FAE04EC0-301F-11D3-BF4B-00C04F79EFBC}") = "Task1", "Task1\Task1.csproj", "{D35472C7-8A85-48C8-B9F6-637F9318D2E7}"
EndProject
Global
	GlobalSection(SolutionConfigurationPlatforms) = preSolution
		Debug|Any CPU = Debug|Any CPU
		Release|Any CPU = Release|Any CPU
	EndGlobalSection
	GlobalSection(ProjectConfigurationPlatforms) = postSolution
		{D35472C7-8A85-48C8-B9F6-637F9318D2E7}.Debug|Any CPU.ActiveCfg = Debug|Any CPU
		{D35472C7-8A85-48C8-B9F6-637F9318D2E7}.Debug|Any CPU.Build.0 = Debug|Any CPU
		{D35472C7-8A85-48C8-B9F6-637F9318D2E7}.Release|Any CPU.ActiveCfg = Release|Any CPU
		{D35472C7-8A85-48C8-B9F6-637F9318D2E7}.Release|Any CPU.Build.0 = Release|Any CPU
	EndGlobalSection
	GlobalSection(SolutionProperties) = preSolution
		HideSolutionNode = FALSE
	EndGlobalSection
	GlobalSection(ExtensibilityGlobals) = postSolution
		SolutionGuid = {E4147C94-CEF2-41D0-B524-2FDF4980500B}
	EndGlobalSection
EndGlobal
