
Microsoft Visual Studio Solution File, Format Version 12.00
# Visual Studio Version 17
VisualStudioVersion = 17.9.34616.47
MinimumVisualStudioVersion = 10.0.40219.1
Project("{FAE04EC0-301F-11D3-BF4B-00C04F79EFBC}") = "Task1", "Task1\Task1.csproj", "{CC1D3DE2-AE39-4850-97DC-0D8A816C16A1}"
EndProject
Global
	GlobalSection(SolutionConfigurationPlatforms) = preSolution
		Debug|Any CPU = Debug|Any CPU
		Release|Any CPU = Release|Any CPU
	EndGlobalSection
	GlobalSection(ProjectConfigurationPlatforms) = postSolution
		{CC1D3DE2-AE39-4850-97DC-0D8A816C16A1}.Debug|Any CPU.ActiveCfg = Debug|Any CPU
		{CC1D3DE2-AE39-4850-97DC-0D8A816C16A1}.Debug|Any CPU.Build.0 = Debug|Any CPU
		{CC1D3DE2-AE39-4850-97DC-0D8A816C16A1}.Release|Any CPU.ActiveCfg = Release|Any CPU
		{CC1D3DE2-AE39-4850-97DC-0D8A816C16A1}.Release|Any CPU.Build.0 = Release|Any CPU
	EndGlobalSection
	GlobalSection(SolutionProperties) = preSolution
		HideSolutionNode = FALSE
	EndGlobalSection
	GlobalSection(ExtensibilityGlobals) = postSolution
		SolutionGuid = {8FFCE0F1-87F6-4205-95CA-F53E5A0BAF9C}
	EndGlobalSection
EndGlobal
